{
  "name": "vr_blog",
  "version": "0.1.0",
  "lockfileVersion": 1,
  "requires": true,
  "dependencies": {
    "three": {
      "version": "0.88.0",
      "resolved": "http://registry.npm.taobao.org/three/download/three-0.88.0.tgz",
      "integrity": "sha1-QlbC/Djk+yOg0j66K2zOTfjkZtU="
    },
    "vue-3d-model": {
      "version": "1.0.2",
      "resolved": "http://registry.npm.taobao.org/vue-3d-model/download/vue-3d-model-1.0.2.tgz",
      "integrity": "sha1-qg8kupzZwLw4fh/tM3dkvXK3brQ=",
      "requires": {
        "three": "0.88.0"
      }
    }
  }
}
